
Microsoft Visual Studio Solution File, Format Version 12.00
# Visual Studio Version 16
VisualStudioVersion = 16.0.33214.272
MinimumVisualStudioVersion = 10.0.40219.1
Project("{FAE04EC0-301F-11D3-BF4B-00C04F79EFBC}") = "Zadanie1", "Zadanie1.csproj", "{F049F321-33DF-4F23-8439-F5F03D818BC2}"
EndProject
Global
	GlobalSection(SolutionConfigurationPlatforms) = preSolution
		Debug|Any CPU = Debug|Any CPU
		Release|Any CPU = Release|Any CPU
	EndGlobalSection
	GlobalSection(ProjectConfigurationPlatforms) = postSolution
		{F049F321-33DF-4F23-8439-F5F03D818BC2}.Debug|Any CPU.ActiveCfg = Debug|Any CPU
		{F049F321-33DF-4F23-8439-F5F03D818BC2}.Debug|Any CPU.Build.0 = Debug|Any CPU
		{F049F321-33DF-4F23-8439-F5F03D818BC2}.Release|Any CPU.ActiveCfg = Release|Any CPU
		{F049F321-33DF-4F23-8439-F5F03D818BC2}.Release|Any CPU.Build.0 = Release|Any CPU
	EndGlobalSection
	GlobalSection(SolutionProperties) = preSolution
		HideSolutionNode = FALSE
	EndGlobalSection
	GlobalSection(ExtensibilityGlobals) = postSolution
		SolutionGuid = {14DEC308-BE8F-4245-85CC-618C09F94FF8}
	EndGlobalSection
EndGlobal
